{
  "name": "client",
  "version": "0.1.0",
  "lockfileVersion": 1,
  "requires": true,
  "dependencies": {
    "axios": {
      "version": "0.21.1",
      "resolved": "https://registry.npmjs.org/axios/-/axios-0.21.1.tgz",
      "integrity": "sha512-dKQiRHxGD9PPRIUNIWvZhPTPpl1rf/OxTYKsqKUDjBwYylTvV7SjSHJb9ratfyzM6wCdLCOYLzs73qpg5c4iGA==",
      "requires": {
        "follow-redirects": "^1.10.0"
      },
      "dependencies": {
        "follow-redirects": {
          "version": "1.13.1",
          "resolved": "https://registry.npmjs.org/follow-redirects/-/follow-redirects-1.13.1.tgz",
          "integrity": "sha512-SSG5xmZh1mkPGyKzjZP8zLjltIfpW32Y5QpdNJyjcfGxK3qo3NDDkZOZSFiGn1A6SclQxY9GzEwAHQ3dmYRWpg=="
        }
      }
    },
    "react": {
      "version": "16.10.1",
      "resolved": "https://registry.npmjs.org/react/-/react-16.10.1.tgz",
      "integrity": "sha512-2bisHwMhxQ3XQz4LiJJwG3360pY965pTl/MRrZYxIBKVj4fOHoDs5aZAkYXGxDRO1Li+SyjTAilQEbOmtQJHzA=="
    },
    "react-dom": {
      "version": "16.10.1",
      "resolved": "https://registry.npmjs.org/react-dom/-/react-dom-16.10.1.tgz",
      "integrity": "sha512-SmM4ZW0uug0rn95U8uqr52I7UdNf6wdGLeXDmNLfg3y5q5H9eAbdjF5ubQc3bjDyRrvdAB2IKG7X0GzSpnn5Mg=="
    },
    "react-scripts": {
      "version": "0.9.5",
      "resolved": "https://registry.npmjs.org/react-scripts/-/react-scripts-0.9.5.tgz",
      "integrity": "sha1-6fBchCficTFmKpudepeG0f8Wuz8="
    }
  }
}
